
Microsoft Visual Studio Solution File, Format Version 12.00
# Visual Studio 15
VisualStudioVersion = 15.0.28307.1433
MinimumVisualStudioVersion = 10.0.40219.1
Project("{9A19103F-16F7-4668-BE54-9A1E7A4F7556}") = "5951071090_NguyenThanhSang", "Bai4_1\5951071090_NguyenThanhSang.csproj", "{30CE4F6D-A12E-41D5-9CEC-1774C9F05AE6}"
EndProject
Global
	GlobalSection(SolutionConfigurationPlatforms) = preSolution
		Debug|Any CPU = Debug|Any CPU
		Release|Any CPU = Release|Any CPU
	EndGlobalSection
	GlobalSection(ProjectConfigurationPlatforms) = postSolution
		{30CE4F6D-A12E-41D5-9CEC-1774C9F05AE6}.Debug|Any CPU.ActiveCfg = Debug|Any CPU
		{30CE4F6D-A12E-41D5-9CEC-1774C9F05AE6}.Debug|Any CPU.Build.0 = Debug|Any CPU
		{30CE4F6D-A12E-41D5-9CEC-1774C9F05AE6}.Release|Any CPU.ActiveCfg = Release|Any CPU
		{30CE4F6D-A12E-41D5-9CEC-1774C9F05AE6}.Release|Any CPU.Build.0 = Release|Any CPU
	EndGlobalSection
	GlobalSection(SolutionProperties) = preSolution
		HideSolutionNode = FALSE
	EndGlobalSection
	GlobalSection(ExtensibilityGlobals) = postSolution
		SolutionGuid = {1546D6D2-1BC1-443F-82E6-4B8176E0945E}
	EndGlobalSection
EndGlobal
